# This file is autogenerated, do not edit; changes may be undone by the next 'dep ensure'.


[[projects]]
  digest = "1:ffe9824d294da03b391f44e1ae8281281b4afc1bdaa9588c9097785e3af10cec"
  name = "github.com/davecgh/go-spew"
  packages = ["spew"]
  pruneopts = "UT"
  revision = "8991bc29aa16c548c550c7ff78260e27b9ab7c73"
  version = "v1.1.1"

[[projects]]
  digest = "1:a6d4f0a736db4f5906066dac15769997877c09a82f2d83646fa11bf23bbf71b2"
  name = "github.com/google/subcommands"
  packages = ["."]
  pruneopts = "UT"
  revision = "24aea2b9b9c12400919203843c92ef808c7ad560"
  version = "1.2.0"

[[projects]]
  digest = "1:574f4e0c57e045c9d109d23c60c586b2198eaead53daa97ed5f65c616e22a9b0"
  name = "github.com/h2non/parth"
  packages = ["."]
  pruneopts = "UT"
  revision = "b4df798d65426f8c8ab5ca5f9987aec5575d26c9"
  version = "v2.0.1"

[[projects]]
  digest = "1:95732e0c27df672b3fdf5cdd8edd18cba5fc07263ef7cd25eaaad4afc4730313"
  name = "github.com/hashicorp/go-version"
  packages = ["."]
  pruneopts = "UT"
  revision = "59da58cfd357de719a4d16dac30481391a56c002"
  version = "v1.2.1"

[[projects]]
  digest = "1:0028cb19b2e4c3112225cd871870f2d9cf49b9b4276531f03438a88e94be86fe"
  name = "github.com/pmezard/go-difflib"
  packages = ["difflib"]
  pruneopts = "UT"
  revision = "792786c7400a136282c1664665ae0a8db921c6c2"
  version = "v1.0.0"

[[projects]]
  digest = "1:2c8bb9a0858e2ab458c1641345b6eaa3754b7ae453f8d30b15701f8b12b7ead7"
  name = "github.com/stretchr/testify"
  packages = ["assert"]
  pruneopts = "UT"
  revision = "f654a9112bbeac49ca2cd45bfbe11533c4666cf8"
  version = "v1.6.1"

[[projects]]
  digest = "1:80d8747c77f6b6c8e77232cd04aa93cbf4489836d47e487566d94e6ecbe23082"
  name = "gopkg.in/h2non/gock.v1"
  packages = ["."]
  pruneopts = "UT"
  revision = "3ffff9b1aa8200275a5eb219c5f9c62bd27acb31"
  version = "v1.0.15"

[[projects]]
  branch = "v3"
  digest = "1:229cb0f6192914f518cc1241ede6d6f1f458b31debfa18bf3a5c9e4f7b01e24b"
  name = "gopkg.in/yaml.v3"
  packages = ["."]
  pruneopts = "UT"
  revision = "eeeca48fe7764f320e4870d231902bf9c1be2c08"

[solve-meta]
  analyzer-name = "dep"
  analyzer-version = 1
  input-imports = [
    "github.com/google/subcommands",
    "github.com/hashicorp/go-version",
    "github.com/stretchr/testify/assert",
    "gopkg.in/h2non/gock.v1",
  ]
  solver-name = "gps-cdcl"
  solver-version = 1
