# This file is autogenerated, do not edit; changes may be undone by the next 'dep ensure'.


[[projects]]
  digest = "1:9565826757d815638581d6e3a2704b64400928ef9cba84c3cb21b2dc93eca4d5"
  name = "github.com/google/subcommands"
  packages = ["."]
  pruneopts = "UT"
  revision = "d47216cd17848d55a33e6f651cbe408243ed55b8"
  version = "1.0.1"

[solve-meta]
  analyzer-name = "dep"
  analyzer-version = 1
  input-imports = ["github.com/google/subcommands"]
  solver-name = "gps-cdcl"
  solver-version = 1
